
Microsoft Visual Studio Solution File, Format Version 12.00
# Visual Studio 2013
VisualStudioVersion = 12.0.31101.0
MinimumVisualStudioVersion = 10.0.40219.1
Project("{FAE04EC0-301F-11D3-BF4B-00C04F79EFBC}") = "General", "General\General.csproj", "{F478AA88-3F7E-4B22-96A5-EA5739443DBF}"
EndProject
Project("{FAE04EC0-301F-11D3-BF4B-00C04F79EFBC}") = "Training-UnityConsole", "Training-UnityConsole\Training-UnityConsole.csproj", "{71AB8D7B-F8FB-47ED-882C-D216F7330A4F}"
EndProject
Project("{FAE04EC0-301F-11D3-BF4B-00C04F79EFBC}") = "HR_A_Company", "HR_A_Company\HR_A_Company.csproj", "{D33A3EBF-04DB-4E0F-BCFD-62E94927D919}"
EndProject
Project("{FAE04EC0-301F-11D3-BF4B-00C04F79EFBC}") = "HR_B_Company", "HR_B_Company\HR_B_Company.csproj", "{47628279-4D8A-470E-B171-EDC4C1537FB2}"
EndProject
Project("{FAE04EC0-301F-11D3-BF4B-00C04F79EFBC}") = "HR_Base", "HR_Base\HR_Base.csproj", "{F21ACA46-A43C-40A3-9886-BCCD43104EEB}"
EndProject
Global
	GlobalSection(SolutionConfigurationPlatforms) = preSolution
		Debug|Any CPU = Debug|Any CPU
		Release|Any CPU = Release|Any CPU
	EndGlobalSection
	GlobalSection(ProjectConfigurationPlatforms) = postSolution
		{F478AA88-3F7E-4B22-96A5-EA5739443DBF}.Debug|Any CPU.ActiveCfg = Debug|Any CPU
		{F478AA88-3F7E-4B22-96A5-EA5739443DBF}.Debug|Any CPU.Build.0 = Debug|Any CPU
		{F478AA88-3F7E-4B22-96A5-EA5739443DBF}.Release|Any CPU.ActiveCfg = Release|Any CPU
		{F478AA88-3F7E-4B22-96A5-EA5739443DBF}.Release|Any CPU.Build.0 = Release|Any CPU
		{71AB8D7B-F8FB-47ED-882C-D216F7330A4F}.Debug|Any CPU.ActiveCfg = Debug|Any CPU
		{71AB8D7B-F8FB-47ED-882C-D216F7330A4F}.Debug|Any CPU.Build.0 = Debug|Any CPU
		{71AB8D7B-F8FB-47ED-882C-D216F7330A4F}.Release|Any CPU.ActiveCfg = Release|Any CPU
		{71AB8D7B-F8FB-47ED-882C-D216F7330A4F}.Release|Any CPU.Build.0 = Release|Any CPU
		{D33A3EBF-04DB-4E0F-BCFD-62E94927D919}.Debug|Any CPU.ActiveCfg = Debug|Any CPU
		{D33A3EBF-04DB-4E0F-BCFD-62E94927D919}.Debug|Any CPU.Build.0 = Debug|Any CPU
		{D33A3EBF-04DB-4E0F-BCFD-62E94927D919}.Release|Any CPU.ActiveCfg = Release|Any CPU
		{D33A3EBF-04DB-4E0F-BCFD-62E94927D919}.Release|Any CPU.Build.0 = Release|Any CPU
		{47628279-4D8A-470E-B171-EDC4C1537FB2}.Debug|Any CPU.ActiveCfg = Debug|Any CPU
		{47628279-4D8A-470E-B171-EDC4C1537FB2}.Debug|Any CPU.Build.0 = Debug|Any CPU
		{47628279-4D8A-470E-B171-EDC4C1537FB2}.Release|Any CPU.ActiveCfg = Release|Any CPU
		{47628279-4D8A-470E-B171-EDC4C1537FB2}.Release|Any CPU.Build.0 = Release|Any CPU
		{F21ACA46-A43C-40A3-9886-BCCD43104EEB}.Debug|Any CPU.ActiveCfg = Debug|Any CPU
		{F21ACA46-A43C-40A3-9886-BCCD43104EEB}.Debug|Any CPU.Build.0 = Debug|Any CPU
		{F21ACA46-A43C-40A3-9886-BCCD43104EEB}.Release|Any CPU.ActiveCfg = Release|Any CPU
		{F21ACA46-A43C-40A3-9886-BCCD43104EEB}.Release|Any CPU.Build.0 = Release|Any CPU
	EndGlobalSection
	GlobalSection(SolutionProperties) = preSolution
		HideSolutionNode = FALSE
	EndGlobalSection
EndGlobal
